
Microsoft Visual Studio Solution File, Format Version 12.00
# Visual Studio 2013
VisualStudioVersion = 12.0.40629.0
MinimumVisualStudioVersion = 10.0.40219.1
Project("{00D1A9C2-B5F0-4AF3-8072-F6C62B433612}") = "Dev", "Dev\Dev.sqlproj", "{566E09A0-D2C8-419D-AD70-0D8F434E60E7}"
EndProject
Project("{00D1A9C2-B5F0-4AF3-8072-F6C62B433612}") = "Demo", "Demo\Demo.sqlproj", "{BD92EAD9-6866-4E21-B2D7-26221936F675}"
EndProject
Project("{00D1A9C2-B5F0-4AF3-8072-F6C62B433612}") = "Prod", "Prod\Prod.sqlproj", "{D7EDA099-25D8-4686-B3F0-98D0F47BB3CA}"
EndProject
Global
	GlobalSection(SolutionConfigurationPlatforms) = preSolution
		Debug|Any CPU = Debug|Any CPU
		Release|Any CPU = Release|Any CPU
	EndGlobalSection
	GlobalSection(ProjectConfigurationPlatforms) = postSolution
		{566E09A0-D2C8-419D-AD70-0D8F434E60E7}.Debug|Any CPU.ActiveCfg = Debug|Any CPU
		{566E09A0-D2C8-419D-AD70-0D8F434E60E7}.Debug|Any CPU.Build.0 = Debug|Any CPU
		{566E09A0-D2C8-419D-AD70-0D8F434E60E7}.Debug|Any CPU.Deploy.0 = Debug|Any CPU
		{566E09A0-D2C8-419D-AD70-0D8F434E60E7}.Release|Any CPU.ActiveCfg = Release|Any CPU
		{566E09A0-D2C8-419D-AD70-0D8F434E60E7}.Release|Any CPU.Build.0 = Release|Any CPU
		{566E09A0-D2C8-419D-AD70-0D8F434E60E7}.Release|Any CPU.Deploy.0 = Release|Any CPU
		{BD92EAD9-6866-4E21-B2D7-26221936F675}.Debug|Any CPU.ActiveCfg = Debug|Any CPU
		{BD92EAD9-6866-4E21-B2D7-26221936F675}.Debug|Any CPU.Build.0 = Debug|Any CPU
		{BD92EAD9-6866-4E21-B2D7-26221936F675}.Debug|Any CPU.Deploy.0 = Debug|Any CPU
		{BD92EAD9-6866-4E21-B2D7-26221936F675}.Release|Any CPU.ActiveCfg = Release|Any CPU
		{BD92EAD9-6866-4E21-B2D7-26221936F675}.Release|Any CPU.Build.0 = Release|Any CPU
		{BD92EAD9-6866-4E21-B2D7-26221936F675}.Release|Any CPU.Deploy.0 = Release|Any CPU
		{D7EDA099-25D8-4686-B3F0-98D0F47BB3CA}.Debug|Any CPU.ActiveCfg = Debug|Any CPU
		{D7EDA099-25D8-4686-B3F0-98D0F47BB3CA}.Debug|Any CPU.Build.0 = Debug|Any CPU
		{D7EDA099-25D8-4686-B3F0-98D0F47BB3CA}.Debug|Any CPU.Deploy.0 = Debug|Any CPU
		{D7EDA099-25D8-4686-B3F0-98D0F47BB3CA}.Release|Any CPU.ActiveCfg = Release|Any CPU
		{D7EDA099-25D8-4686-B3F0-98D0F47BB3CA}.Release|Any CPU.Build.0 = Release|Any CPU
		{D7EDA099-25D8-4686-B3F0-98D0F47BB3CA}.Release|Any CPU.Deploy.0 = Release|Any CPU
	EndGlobalSection
	GlobalSection(SolutionProperties) = preSolution
		HideSolutionNode = FALSE
	EndGlobalSection
EndGlobal
